
Microsoft Visual Studio Solution File, Format Version 12.00
# Visual Studio Version 16
VisualStudioVersion = 16.0.30011.22
MinimumVisualStudioVersion = 10.0.40219.1
Project("{FAE04EC0-301F-11D3-BF4B-00C04F79EFBC}") = "ValidationAdapter", "ValidationAdapter\ValidationAdapter.csproj", "{9AADD72F-CBCB-4CB2-8695-EABB517B15D8}"
EndProject
Project("{FAE04EC0-301F-11D3-BF4B-00C04F79EFBC}") = "ValidationAdapter.UnitTests", "ValidationAdapter.UnitTests\ValidationAdapter.UnitTests.csproj", "{6110BC9F-01BE-4965-8830-527115B28DBB}"
EndProject
Global
	GlobalSection(SolutionConfigurationPlatforms) = preSolution
		Debug|Any CPU = Debug|Any CPU
		Release|Any CPU = Release|Any CPU
	EndGlobalSection
	GlobalSection(ProjectConfigurationPlatforms) = postSolution
		{9AADD72F-CBCB-4CB2-8695-EABB517B15D8}.Debug|Any CPU.ActiveCfg = Debug|Any CPU
		{9AADD72F-CBCB-4CB2-8695-EABB517B15D8}.Debug|Any CPU.Build.0 = Debug|Any CPU
		{9AADD72F-CBCB-4CB2-8695-EABB517B15D8}.Release|Any CPU.ActiveCfg = Release|Any CPU
		{9AADD72F-CBCB-4CB2-8695-EABB517B15D8}.Release|Any CPU.Build.0 = Release|Any CPU
		{6110BC9F-01BE-4965-8830-527115B28DBB}.Debug|Any CPU.ActiveCfg = Debug|Any CPU
		{6110BC9F-01BE-4965-8830-527115B28DBB}.Debug|Any CPU.Build.0 = Debug|Any CPU
		{6110BC9F-01BE-4965-8830-527115B28DBB}.Release|Any CPU.ActiveCfg = Release|Any CPU
		{6110BC9F-01BE-4965-8830-527115B28DBB}.Release|Any CPU.Build.0 = Release|Any CPU
	EndGlobalSection
	GlobalSection(SolutionProperties) = preSolution
		HideSolutionNode = FALSE
	EndGlobalSection
	GlobalSection(ExtensibilityGlobals) = postSolution
		SolutionGuid = {B1A1EF7E-E9EB-4C6D-BEC3-36FC50154B7D}
	EndGlobalSection
EndGlobal
